{
  "name": "tsconfig",
  "version": "1.1.1",
  "lockfileVersion": 2,
  "requires": true,
  "packages": {
    "": {
      "name": "tsconfig",
      "version": "1.1.1",
      "license": "MIT",
      "dependencies": {
        "tsconfig": "git+https://git.frozendev.tk/NotAShelf/ts-config.git"
      },
      "engines": {
        "node": ">=10"
      }
    },
    "node_modules/tsconfig": {
      "version": "1.1.1",
      "resolved": "git+https://git.frozendev.tk/NotAShelf/ts-config.git#b6c1d5871b33bf196c58cb8f1e8921815e129707",
      "license": "MIT",
      "engines": {
        "node": ">=10"
      }
    }
  },
  "dependencies": {
    "tsconfig": {
      "version": "git+https://git.frozendev.tk/NotAShelf/ts-config.git#b6c1d5871b33bf196c58cb8f1e8921815e129707",
      "from": "tsconfig@git+https://git.frozendev.tk/NotAShelf/ts-config.git"
    }
  }
}
